
Microsoft Visual Studio Solution File, Format Version 12.00
# Visual Studio 15
VisualStudioVersion = 15.0.28010.2050
MinimumVisualStudioVersion = 10.0.40219.1
Project("{2150E333-8FDC-42A3-9474-1A3956D46DE8}") = "src", "src", "{F15162B9-6CD5-4134-8A06-3D0AD604D62F}"
EndProject
Project("{FAE04EC0-301F-11D3-BF4B-00C04F79EFBC}") = "VK.Cars.Analyzer.Service.WebApi", "src\VK.Cars.Analyzer.Service.WebApi\VK.Cars.Analyzer.Service.WebApi.csproj", "{1BD9101E-C0AC-438E-BFC1-133CE7B5A9DB}"
EndProject
Global
	GlobalSection(SolutionConfigurationPlatforms) = preSolution
		Debug|Any CPU = Debug|Any CPU
		Release|Any CPU = Release|Any CPU
	EndGlobalSection
	GlobalSection(ProjectConfigurationPlatforms) = postSolution
		{1BD9101E-C0AC-438E-BFC1-133CE7B5A9DB}.Debug|Any CPU.ActiveCfg = Debug|Any CPU
		{1BD9101E-C0AC-438E-BFC1-133CE7B5A9DB}.Debug|Any CPU.Build.0 = Debug|Any CPU
		{1BD9101E-C0AC-438E-BFC1-133CE7B5A9DB}.Release|Any CPU.ActiveCfg = Release|Any CPU
		{1BD9101E-C0AC-438E-BFC1-133CE7B5A9DB}.Release|Any CPU.Build.0 = Release|Any CPU
	EndGlobalSection
	GlobalSection(SolutionProperties) = preSolution
		HideSolutionNode = FALSE
	EndGlobalSection
	GlobalSection(NestedProjects) = preSolution
		{1BD9101E-C0AC-438E-BFC1-133CE7B5A9DB} = {F15162B9-6CD5-4134-8A06-3D0AD604D62F}
	EndGlobalSection
	GlobalSection(ExtensibilityGlobals) = postSolution
		SolutionGuid = {F034EC4C-0218-41EE-8355-910EF8F95EF6}
	EndGlobalSection
EndGlobal
